
Microsoft Visual Studio Solution File, Format Version 12.00
# Visual Studio Version 17
VisualStudioVersion = 17.10.34928.147
MinimumVisualStudioVersion = 10.0.40219.1
Project("{9A19103F-16F7-4668-BE54-9A1E7A4F7556}") = "UIAutomation.Core", "UIAutomationProject\UIAutomation.Core.csproj", "{B14FF61E-E0F2-4253-8C21-CF7856899FDA}"
EndProject
Project("{FAE04EC0-301F-11D3-BF4B-00C04F79EFBC}") = "DemoWebShop.Test", "DemoWebShop.Test\DemoWebShop.Test.csproj", "{3BE62F63-A51F-47A8-BE0E-320F987E7BF6}"
EndProject
Global
	GlobalSection(SolutionConfigurationPlatforms) = preSolution
		Debug|Any CPU = Debug|Any CPU
		Release|Any CPU = Release|Any CPU
	EndGlobalSection
	GlobalSection(ProjectConfigurationPlatforms) = postSolution
		{B14FF61E-E0F2-4253-8C21-CF7856899FDA}.Debug|Any CPU.ActiveCfg = Debug|Any CPU
		{B14FF61E-E0F2-4253-8C21-CF7856899FDA}.Debug|Any CPU.Build.0 = Debug|Any CPU
		{B14FF61E-E0F2-4253-8C21-CF7856899FDA}.Release|Any CPU.ActiveCfg = Release|Any CPU
		{B14FF61E-E0F2-4253-8C21-CF7856899FDA}.Release|Any CPU.Build.0 = Release|Any CPU
		{3BE62F63-A51F-47A8-BE0E-320F987E7BF6}.Debug|Any CPU.ActiveCfg = Debug|Any CPU
		{3BE62F63-A51F-47A8-BE0E-320F987E7BF6}.Debug|Any CPU.Build.0 = Debug|Any CPU
		{3BE62F63-A51F-47A8-BE0E-320F987E7BF6}.Release|Any CPU.ActiveCfg = Release|Any CPU
		{3BE62F63-A51F-47A8-BE0E-320F987E7BF6}.Release|Any CPU.Build.0 = Release|Any CPU
	EndGlobalSection
	GlobalSection(SolutionProperties) = preSolution
		HideSolutionNode = FALSE
	EndGlobalSection
	GlobalSection(ExtensibilityGlobals) = postSolution
		SolutionGuid = {5CDE5992-1DA9-4433-B2B3-6AD096DBBA54}
	EndGlobalSection
EndGlobal
